
Microsoft Visual Studio Solution File, Format Version 12.00
# Visual Studio Version 17
VisualStudioVersion = 17.5.33516.290
MinimumVisualStudioVersion = 10.0.40219.1
Project("{2150E333-8FDC-42A3-9474-1A3956D46DE8}") = "application", "application", "{7F7AD94F-EDE0-451E-B2A1-873753BBDAEC}"
EndProject
Project("{FAE04EC0-301F-11D3-BF4B-00C04F79EFBC}") = "Core", "Core\Core.csproj", "{BB0E2733-D47C-4B69-AC46-172654C08EE9}"
EndProject
Project("{FAE04EC0-301F-11D3-BF4B-00C04F79EFBC}") = "WinFormUI", "WinFormUI\WinFormUI.csproj", "{2F2B9C6D-9B4C-4F90-A39E-B9EF08C0D98D}"
	ProjectSection(ProjectDependencies) = postProject
		{8813A34F-FC7F-4F0E-AAA9-726C0F748F04} = {8813A34F-FC7F-4F0E-AAA9-726C0F748F04}
		{BB0E2733-D47C-4B69-AC46-172654C08EE9} = {BB0E2733-D47C-4B69-AC46-172654C08EE9}
	EndProjectSection
EndProject
Project("{FAE04EC0-301F-11D3-BF4B-00C04F79EFBC}") = "Repositories", "Repositories\Repositories.csproj", "{8813A34F-FC7F-4F0E-AAA9-726C0F748F04}"
	ProjectSection(ProjectDependencies) = postProject
		{BB0E2733-D47C-4B69-AC46-172654C08EE9} = {BB0E2733-D47C-4B69-AC46-172654C08EE9}
	EndProjectSection
EndProject
Global
	GlobalSection(SolutionConfigurationPlatforms) = preSolution
		Debug|Any CPU = Debug|Any CPU
		Release|Any CPU = Release|Any CPU
	EndGlobalSection
	GlobalSection(ProjectConfigurationPlatforms) = postSolution
		{BB0E2733-D47C-4B69-AC46-172654C08EE9}.Debug|Any CPU.ActiveCfg = Debug|Any CPU
		{BB0E2733-D47C-4B69-AC46-172654C08EE9}.Debug|Any CPU.Build.0 = Debug|Any CPU
		{BB0E2733-D47C-4B69-AC46-172654C08EE9}.Release|Any CPU.ActiveCfg = Release|Any CPU
		{BB0E2733-D47C-4B69-AC46-172654C08EE9}.Release|Any CPU.Build.0 = Release|Any CPU
		{2F2B9C6D-9B4C-4F90-A39E-B9EF08C0D98D}.Debug|Any CPU.ActiveCfg = Debug|Any CPU
		{2F2B9C6D-9B4C-4F90-A39E-B9EF08C0D98D}.Debug|Any CPU.Build.0 = Debug|Any CPU
		{2F2B9C6D-9B4C-4F90-A39E-B9EF08C0D98D}.Release|Any CPU.ActiveCfg = Release|Any CPU
		{2F2B9C6D-9B4C-4F90-A39E-B9EF08C0D98D}.Release|Any CPU.Build.0 = Release|Any CPU
		{8813A34F-FC7F-4F0E-AAA9-726C0F748F04}.Debug|Any CPU.ActiveCfg = Debug|Any CPU
		{8813A34F-FC7F-4F0E-AAA9-726C0F748F04}.Debug|Any CPU.Build.0 = Debug|Any CPU
		{8813A34F-FC7F-4F0E-AAA9-726C0F748F04}.Release|Any CPU.ActiveCfg = Release|Any CPU
		{8813A34F-FC7F-4F0E-AAA9-726C0F748F04}.Release|Any CPU.Build.0 = Release|Any CPU
	EndGlobalSection
	GlobalSection(SolutionProperties) = preSolution
		HideSolutionNode = FALSE
	EndGlobalSection
	GlobalSection(NestedProjects) = preSolution
		{BB0E2733-D47C-4B69-AC46-172654C08EE9} = {7F7AD94F-EDE0-451E-B2A1-873753BBDAEC}
	EndGlobalSection
	GlobalSection(ExtensibilityGlobals) = postSolution
		SolutionGuid = {8F485925-7402-4B5D-9544-EE1AF6D37200}
	EndGlobalSection
EndGlobal
